// !$*UTF8*$!
{
	archiveVersion = 1;
	classes = {
	};
	objectVersion = 46;
	objects = {

/* Begin PBXBuildFile section */
		203364A71F79C94A00838BCA /* editViewController_ForDeletion.swift in Sources */ = {isa = PBXBuildFile; fileRef = 203364A61F79C94A00838BCA /* editViewController_ForDeletion.swift */; };
		2038213C1F6AE7E200D940FD /* Model.xcdatamodeld in Sources */ = {isa = PBXBuildFile; fileRef = 2038213A1F6AE7E200D940FD /* Model.xcdatamodeld */; };
		2038213D1F6AE7E200D940FD /* Model.xcdatamodeld in Sources */ = {isa = PBXBuildFile; fileRef = 2038213A1F6AE7E200D940FD /* Model.xcdatamodeld */; };
		2065BDE81F376DAD00D4DF95 /* Info.rtf in Resources */ = {isa = PBXBuildFile; fileRef = 2065BDE71F376DAD00D4DF95 /* Info.rtf */; };
		206D8CC01F36BB630052AA71 /* AppDelegate.swift in Sources */ = {isa = PBXBuildFile; fileRef = 206D8CBF1F36BB630052AA71 /* AppDelegate.swift */; };
		206D8CC51F36BB630052AA71 /* Main.storyboard in Resources */ = {isa = PBXBuildFile; fileRef = 206D8CC31F36BB630052AA71 /* Main.storyboard */; };
		206D8CC71F36BB630052AA71 /* Assets.xcassets in Resources */ = {isa = PBXBuildFile; fileRef = 206D8CC61F36BB630052AA71 /* Assets.xcassets */; };
		206D8CCA1F36BB630052AA71 /* LaunchScreen.storyboard in Resources */ = {isa = PBXBuildFile; fileRef = 206D8CC81F36BB630052AA71 /* LaunchScreen.storyboard */; };
		209BFA7A1F3C269F006285F1 /* chkButton.swift in Sources */ = {isa = PBXBuildFile; fileRef = 209BFA791F3C269F006285F1 /* chkButton.swift */; };
		20BE8F291F3C6C8B009968B7 /* entryTableViewController.swift in Sources */ = {isa = PBXBuildFile; fileRef = 20BE8F281F3C6C8B009968B7 /* entryTableViewController.swift */; };
		20BE8F2B1F3C81B9009968B7 /* toneTableViewController.swift in Sources */ = {isa = PBXBuildFile; fileRef = 20BE8F2A1F3C81B9009968B7 /* toneTableViewController.swift */; };
		20BE8F2F1F3C9801009968B7 /* MyGlobals.swift in Sources */ = {isa = PBXBuildFile; fileRef = 20BE8F2E1F3C9801009968B7 /* MyGlobals.swift */; };
		20E8AD2E1F49204C00DF5B38 /* taskTableViewCell.swift in Sources */ = {isa = PBXBuildFile; fileRef = 20E8AD2D1F49204C00DF5B38 /* taskTableViewCell.swift */; };
		20E8AD301F49269800DF5B38 /* toneTableViewCell.swift in Sources */ = {isa = PBXBuildFile; fileRef = 20E8AD2F1F49269800DF5B38 /* toneTableViewCell.swift */; };
		20E8AD321F497AF900DF5B38 /* taskTableViewController.swift in Sources */ = {isa = PBXBuildFile; fileRef = 20E8AD311F497AF900DF5B38 /* taskTableViewController.swift */; };
		20E8AD341F4A85F900DF5B38 /* iconCollectionViewController.swift in Sources */ = {isa = PBXBuildFile; fileRef = 20E8AD331F4A85F900DF5B38 /* iconCollectionViewController.swift */; };
		20E8AD381F4AB01900DF5B38 /* iconCollectionViewCell.swift in Sources */ = {isa = PBXBuildFile; fileRef = 20E8AD371F4AB01900DF5B38 /* iconCollectionViewCell.swift */; };
		20E8AD401F4AB7D800DF5B38 /* 28.png in Resources */ = {isa = PBXBuildFile; fileRef = 20E8AD3A1F4AB7D800DF5B38 /* 28.png */; };
		20E8AD411F4AB7D800DF5B38 /* 02.png in Resources */ = {isa = PBXBuildFile; fileRef = 20E8AD3B1F4AB7D800DF5B38 /* 02.png */; };
		20E8AD421F4AB7D800DF5B38 /* 03.png in Resources */ = {isa = PBXBuildFile; fileRef = 20E8AD3C1F4AB7D800DF5B38 /* 03.png */; };
		20E8AD431F4AB7D800DF5B38 /* 04.png in Resources */ = {isa = PBXBuildFile; fileRef = 20E8AD3D1F4AB7D800DF5B38 /* 04.png */; };
		20E8AD441F4AB7D800DF5B38 /* 05.png in Resources */ = {isa = PBXBuildFile; fileRef = 20E8AD3E1F4AB7D800DF5B38 /* 05.png */; };
		20E8AD451F4AB7D800DF5B38 /* 06.png in Resources */ = {isa = PBXBuildFile; fileRef = 20E8AD3F1F4AB7D800DF5B38 /* 06.png */; };
		20E8AD501F4ABCF900DF5B38 /* 07.png in Resources */ = {isa = PBXBuildFile; fileRef = 20E8AD461F4ABCF900DF5B38 /* 07.png */; };
		20E8AD521F4ABCF900DF5B38 /* 09.png in Resources */ = {isa = PBXBuildFile; fileRef = 20E8AD481F4ABCF900DF5B38 /* 09.png */; };
		20E8AD531F4ABCF900DF5B38 /* 10.png in Resources */ = {isa = PBXBuildFile; fileRef = 20E8AD491F4ABCF900DF5B38 /* 10.png */; };
		20E8AD541F4ABCF900DF5B38 /* 11.png in Resources */ = {isa = PBXBuildFile; fileRef = 20E8AD4A1F4ABCF900DF5B38 /* 11.png */; };
		20E8AD551F4ABCF900DF5B38 /* 12.png in Resources */ = {isa = PBXBuildFile; fileRef = 20E8AD4B1F4ABCF900DF5B38 /* 12.png */; };
		20E8AD561F4ABCF900DF5B38 /* 13.png in Resources */ = {isa = PBXBuildFile; fileRef = 20E8AD4C1F4ABCF900DF5B38 /* 13.png */; };
		20E8AD571F4ABCF900DF5B38 /* 14.png in Resources */ = {isa = PBXBuildFile; fileRef = 20E8AD4D1F4ABCF900DF5B38 /* 14.png */; };
		20E8AD581F4ABCF900DF5B38 /* 15.png in Resources */ = {isa = PBXBuildFile; fileRef = 20E8AD4E1F4ABCF900DF5B38 /* 15.png */; };
		20E8AD591F4ABCF900DF5B38 /* 16.png in Resources */ = {isa = PBXBuildFile; fileRef = 20E8AD4F1F4ABCF900DF5B38 /* 16.png */; };
		20E8AD5F1F4B229500DF5B38 /* 01.png in Resources */ = {isa = PBXBuildFile; fileRef = 20E8AD5E1F4B229500DF5B38 /* 01.png */; };
		20E8AD651F4B253400DF5B38 /* 17.png in Resources */ = {isa = PBXBuildFile; fileRef = 20E8AD601F4B253400DF5B38 /* 17.png */; };
		20E8AD661F4B253400DF5B38 /* 18.png in Resources */ = {isa = PBXBuildFile; fileRef = 20E8AD611F4B253400DF5B38 /* 18.png */; };
		20E8AD671F4B253400DF5B38 /* 19.png in Resources */ = {isa = PBXBuildFile; fileRef = 20E8AD621F4B253400DF5B38 /* 19.png */; };
		20E8AD681F4B253400DF5B38 /* 20.png in Resources */ = {isa = PBXBuildFile; fileRef = 20E8AD631F4B253400DF5B38 /* 20.png */; };
		20E8AD691F4B253400DF5B38 /* 21.png in Resources */ = {isa = PBXBuildFile; fileRef = 20E8AD641F4B253400DF5B38 /* 21.png */; };
		20E8AD6D1F4BC8BD00DF5B38 /* 22.png in Resources */ = {isa = PBXBuildFile; fileRef = 20E8AD6A1F4BC8BD00DF5B38 /* 22.png */; };
		20E8AD6E1F4BC8BD00DF5B38 /* 23.png in Resources */ = {isa = PBXBuildFile; fileRef = 20E8AD6B1F4BC8BD00DF5B38 /* 23.png */; };
		20E8AD6F1F4BC8BD00DF5B38 /* 24.png in Resources */ = {isa = PBXBuildFile; fileRef = 20E8AD6C1F4BC8BD00DF5B38 /* 24.png */; };
		20E8AD711F4BC97600DF5B38 /* 08.png in Resources */ = {isa = PBXBuildFile; fileRef = 20E8AD701F4BC97600DF5B38 /* 08.png */; };
		20E8AD751F4C2CA900DF5B38 /* 25.png in Resources */ = {isa = PBXBuildFile; fileRef = 20E8AD721F4C2CA900DF5B38 /* 25.png */; };
		20E8AD761F4C2CA900DF5B38 /* 26.png in Resources */ = {isa = PBXBuildFile; fileRef = 20E8AD731F4C2CA900DF5B38 /* 26.png */; };
		20E8AD771F4C2CA900DF5B38 /* 27.png in Resources */ = {isa = PBXBuildFile; fileRef = 20E8AD741F4C2CA900DF5B38 /* 27.png */; };
		20E8AD851F4ED27000DF5B38 /* onboardPageViewController.swift in Sources */ = {isa = PBXBuildFile; fileRef = 20E8AD841F4ED27000DF5B38 /* onboardPageViewController.swift */; };
		20FE84DF1F4F0C9700DB755F /* bg.jpg in Resources */ = {isa = PBXBuildFile; fileRef = 20FE84DE1F4F0C9700DB755F /* bg.jpg */; };
		20FE84E91F4F219E00DB755F /* obOne.png in Resources */ = {isa = PBXBuildFile; fileRef = 20FE84E61F4F219E00DB755F /* obOne.png */; };
		20FE84EA1F4F219E00DB755F /* obThree.png in Resources */ = {isa = PBXBuildFile; fileRef = 20FE84E71F4F219E00DB755F /* obThree.png */; };
		20FE84EB1F4F219E00DB755F /* obTwo.png in Resources */ = {isa = PBXBuildFile; fileRef = 20FE84E81F4F219E00DB755F /* obTwo.png */; };
		20FE84F31F52AA3800DB755F /* checkMateUITests.swift in Sources */ = {isa = PBXBuildFile; fileRef = 20FE84F21F52AA3800DB755F /* checkMateUITests.swift */; };
/* End PBXBuildFile section */

/* Begin PBXContainerItemProxy section */
		20FE84F51F52AA3800DB755F /* PBXContainerItemProxy */ = {
			isa = PBXContainerItemProxy;
			containerPortal = 206D8CB41F36BB630052AA71 /* Project object */;
			proxyType = 1;
			remoteGlobalIDString = 206D8CBB1F36BB630052AA71;
			remoteInfo = checkMate;
		};
/* End PBXContainerItemProxy section */

/* Begin PBXFileReference section */
		203364A61F79C94A00838BCA /* editViewController_ForDeletion.swift */ = {isa = PBXFileReference; fileEncoding = 4; lastKnownFileType = sourcecode.swift; path = editViewController_ForDeletion.swift; sourceTree = "<group>"; };
		2038213B1F6AE7E200D940FD /* Model.xcdatamodel */ = {isa = PBXFileReference; lastKnownFileType = wrapper.xcdatamodel; path = Model.xcdatamodel; sourceTree = "<group>"; };
		2065BDE71F376DAD00D4DF95 /* Info.rtf */ = {isa = PBXFileReference; fileEncoding = 4; lastKnownFileType = text.rtf; path = Info.rtf; sourceTree = "<group>"; };
		206D8CBC1F36BB630052AA71 /* checkMate.app */ = {isa = PBXFileReference; explicitFileType = wrapper.application; includeInIndex = 0; path = checkMate.app; sourceTree = BUILT_PRODUCTS_DIR; };
		206D8CBF1F36BB630052AA71 /* AppDelegate.swift */ = {isa = PBXFileReference; lastKnownFileType = sourcecode.swift; path = AppDelegate.swift; sourceTree = "<group>"; };
		206D8CC41F36BB630052AA71 /* Base */ = {isa = PBXFileReference; lastKnownFileType = file.storyboard; name = Base; path = Base.lproj/Main.storyboard; sourceTree = "<group>"; };
		206D8CC61F36BB630052AA71 /* Assets.xcassets */ = {isa = PBXFileReference; lastKnownFileType = folder.assetcatalog; path = Assets.xcassets; sourceTree = "<group>"; };
		206D8CC91F36BB630052AA71 /* Base */ = {isa = PBXFileReference; lastKnownFileType = file.storyboard; name = Base; path = Base.lproj/LaunchScreen.storyboard; sourceTree = "<group>"; };
		206D8CCB1F36BB630052AA71 /* Info.plist */ = {isa = PBXFileReference; lastKnownFileType = text.plist.xml; path = Info.plist; sourceTree = "<group>"; };
		209BFA791F3C269F006285F1 /* chkButton.swift */ = {isa = PBXFileReference; fileEncoding = 4; lastKnownFileType = sourcecode.swift; path = chkButton.swift; sourceTree = "<group>"; };
		20BE8F281F3C6C8B009968B7 /* entryTableViewController.swift */ = {isa = PBXFileReference; fileEncoding = 4; lastKnownFileType = sourcecode.swift; path = entryTableViewController.swift; sourceTree = "<group>"; };
		20BE8F2A1F3C81B9009968B7 /* toneTableViewController.swift */ = {isa = PBXFileReference; fileEncoding = 4; lastKnownFileType = sourcecode.swift; path = toneTableViewController.swift; sourceTree = "<group>"; };
		20BE8F2E1F3C9801009968B7 /* MyGlobals.swift */ = {isa = PBXFileReference; fileEncoding = 4; lastKnownFileType = sourcecode.swift; path = MyGlobals.swift; sourceTree = "<group>"; };
		20E8AD2D1F49204C00DF5B38 /* taskTableViewCell.swift */ = {isa = PBXFileReference; fileEncoding = 4; lastKnownFileType = sourcecode.swift; path = taskTableViewCell.swift; sourceTree = "<group>"; };
		20E8AD2F1F49269800DF5B38 /* toneTableViewCell.swift */ = {isa = PBXFileReference; fileEncoding = 4; lastKnownFileType = sourcecode.swift; path = toneTableViewCell.swift; sourceTree = "<group>"; };
		20E8AD311F497AF900DF5B38 /* taskTableViewController.swift */ = {isa = PBXFileReference; fileEncoding = 4; lastKnownFileType = sourcecode.swift; path = taskTableViewController.swift; sourceTree = "<group>"; };
		20E8AD331F4A85F900DF5B38 /* iconCollectionViewController.swift */ = {isa = PBXFileReference; fileEncoding = 4; lastKnownFileType = sourcecode.swift; path = iconCollectionViewController.swift; sourceTree = "<group>"; };
		20E8AD371F4AB01900DF5B38 /* iconCollectionViewCell.swift */ = {isa = PBXFileReference; fileEncoding = 4; lastKnownFileType = sourcecode.swift; path = iconCollectionViewCell.swift; sourceTree = "<group>"; };
		20E8AD3A1F4AB7D800DF5B38 /* 28.png */ = {isa = PBXFileReference; lastKnownFileType = image.png; path = 28.png; sourceTree = "<group>"; };
		20E8AD3B1F4AB7D800DF5B38 /* 02.png */ = {isa = PBXFileReference; lastKnownFileType = image.png; path = 02.png; sourceTree = "<group>"; };
		20E8AD3C1F4AB7D800DF5B38 /* 03.png */ = {isa = PBXFileReference; lastKnownFileType = image.png; path = 03.png; sourceTree = "<group>"; };
		20E8AD3D1F4AB7D800DF5B38 /* 04.png */ = {isa = PBXFileReference; lastKnownFileType = image.png; path = 04.png; sourceTree = "<group>"; };
		20E8AD3E1F4AB7D800DF5B38 /* 05.png */ = {isa = PBXFileReference; lastKnownFileType = image.png; path = 05.png; sourceTree = "<group>"; };
		20E8AD3F1F4AB7D800DF5B38 /* 06.png */ = {isa = PBXFileReference; lastKnownFileType = image.png; path = 06.png; sourceTree = "<group>"; };
		20E8AD461F4ABCF900DF5B38 /* 07.png */ = {isa = PBXFileReference; lastKnownFileType = image.png; path = 07.png; sourceTree = "<group>"; };
		20E8AD481F4ABCF900DF5B38 /* 09.png */ = {isa = PBXFileReference; lastKnownFileType = image.png; path = 09.png; sourceTree = "<group>"; };
		20E8AD491F4ABCF900DF5B38 /* 10.png */ = {isa = PBXFileReference; lastKnownFileType = image.png; path = 10.png; sourceTree = "<group>"; };
		20E8AD4A1F4ABCF900DF5B38 /* 11.png */ = {isa = PBXFileReference; lastKnownFileType = image.png; path = 11.png; sourceTree = "<group>"; };
		20E8AD4B1F4ABCF900DF5B38 /* 12.png */ = {isa = PBXFileReference; lastKnownFileType = image.png; path = 12.png; sourceTree = "<group>"; };
		20E8AD4C1F4ABCF900DF5B38 /* 13.png */ = {isa = PBXFileReference; lastKnownFileType = image.png; path = 13.png; sourceTree = "<group>"; };
		20E8AD4D1F4ABCF900DF5B38 /* 14.png */ = {isa = PBXFileReference; lastKnownFileType = image.png; path = 14.png; sourceTree = "<group>"; };
		20E8AD4E1F4ABCF900DF5B38 /* 15.png */ = {isa = PBXFileReference; lastKnownFileType = image.png; path = 15.png; sourceTree = "<group>"; };
		20E8AD4F1F4ABCF900DF5B38 /* 16.png */ = {isa = PBXFileReference; lastKnownFileType = image.png; path = 16.png; sourceTree = "<group>"; };
		20E8AD5E1F4B229500DF5B38 /* 01.png */ = {isa = PBXFileReference; lastKnownFileType = image.png; path = 01.png; sourceTree = "<group>"; };
		20E8AD601F4B253400DF5B38 /* 17.png */ = {isa = PBXFileReference; lastKnownFileType = image.png; path = 17.png; sourceTree = "<group>"; };
		20E8AD611F4B253400DF5B38 /* 18.png */ = {isa = PBXFileReference; lastKnownFileType = image.png; path = 18.png; sourceTree = "<group>"; };
		20E8AD621F4B253400DF5B38 /* 19.png */ = {isa = PBXFileReference; lastKnownFileType = image.png; path = 19.png; sourceTree = "<group>"; };
		20E8AD631F4B253400DF5B38 /* 20.png */ = {isa = PBXFileReference; lastKnownFileType = image.png; path = 20.png; sourceTree = "<group>"; };
		20E8AD641F4B253400DF5B38 /* 21.png */ = {isa = PBXFileReference; lastKnownFileType = image.png; path = 21.png; sourceTree = "<group>"; };
		20E8AD6A1F4BC8BD00DF5B38 /* 22.png */ = {isa = PBXFileReference; lastKnownFileType = image.png; path = 22.png; sourceTree = "<group>"; };
		20E8AD6B1F4BC8BD00DF5B38 /* 23.png */ = {isa = PBXFileReference; lastKnownFileType = image.png; path = 23.png; sourceTree = "<group>"; };
		20E8AD6C1F4BC8BD00DF5B38 /* 24.png */ = {isa = PBXFileReference; lastKnownFileType = image.png; path = 24.png; sourceTree = "<group>"; };
		20E8AD701F4BC97600DF5B38 /* 08.png */ = {isa = PBXFileReference; lastKnownFileType = image.png; path = 08.png; sourceTree = "<group>"; };
		20E8AD721F4C2CA900DF5B38 /* 25.png */ = {isa = PBXFileReference; lastKnownFileType = image.png; path = 25.png; sourceTree = "<group>"; };
		20E8AD731F4C2CA900DF5B38 /* 26.png */ = {isa = PBXFileReference; lastKnownFileType = image.png; path = 26.png; sourceTree = "<group>"; };
		20E8AD741F4C2CA900DF5B38 /* 27.png */ = {isa = PBXFileReference; lastKnownFileType = image.png; path = 27.png; sourceTree = "<group>"; };
		20E8AD841F4ED27000DF5B38 /* onboardPageViewController.swift */ = {isa = PBXFileReference; fileEncoding = 4; lastKnownFileType = sourcecode.swift; path = onboardPageViewController.swift; sourceTree = "<group>"; };
		20FE84DE1F4F0C9700DB755F /* bg.jpg */ = {isa = PBXFileReference; lastKnownFileType = image.jpeg; path = bg.jpg; sourceTree = "<group>"; };
		20FE84E61F4F219E00DB755F /* obOne.png */ = {isa = PBXFileReference; lastKnownFileType = image.png; path = obOne.png; sourceTree = "<group>"; };
		20FE84E71F4F219E00DB755F /* obThree.png */ = {isa = PBXFileReference; lastKnownFileType = image.png; path = obThree.png; sourceTree = "<group>"; };
		20FE84E81F4F219E00DB755F /* obTwo.png */ = {isa = PBXFileReference; lastKnownFileType = image.png; path = obTwo.png; sourceTree = "<group>"; };
		20FE84F01F52AA3800DB755F /* checkMateUITests.xctest */ = {isa = PBXFileReference; explicitFileType = wrapper.cfbundle; includeInIndex = 0; path = checkMateUITests.xctest; sourceTree = BUILT_PRODUCTS_DIR; };
		20FE84F21F52AA3800DB755F /* checkMateUITests.swift */ = {isa = PBXFileReference; lastKnownFileType = sourcecode.swift; path = checkMateUITests.swift; sourceTree = "<group>"; };
		20FE84F41F52AA3800DB755F /* Info.plist */ = {isa = PBXFileReference; lastKnownFileType = text.plist.xml; path = Info.plist; sourceTree = "<group>"; };
/* End PBXFileReference section */

/* Begin PBXFrameworksBuildPhase section */
		206D8CB91F36BB630052AA71 /* Frameworks */ = {
			isa = PBXFrameworksBuildPhase;
			buildActionMask = 2147483647;
			files = (
			);
			runOnlyForDeploymentPostprocessing = 0;
		};
		20FE84ED1F52AA3800DB755F /* Frameworks */ = {
			isa = PBXFrameworksBuildPhase;
			buildActionMask = 2147483647;
			files = (
			);
			runOnlyForDeploymentPostprocessing = 0;
		};
/* End PBXFrameworksBuildPhase section */

/* Begin PBXGroup section */
		202A73771F7D4D680017C3B7 /* view */ = {
			isa = PBXGroup;
			children = (
				206D8CC31F36BB630052AA71 /* Main.storyboard */,
			);
			name = view;
			sourceTree = "<group>";
		};
		206D8CB31F36BB630052AA71 = {
			isa = PBXGroup;
			children = (
				206D8CBE1F36BB630052AA71 /* checkMate */,
				20FE84F11F52AA3800DB755F /* checkMateUITests */,
				206D8CBD1F36BB630052AA71 /* Products */,
			);
			sourceTree = "<group>";
		};
		206D8CBD1F36BB630052AA71 /* Products */ = {
			isa = PBXGroup;
			children = (
				206D8CBC1F36BB630052AA71 /* checkMate.app */,
				20FE84F01F52AA3800DB755F /* checkMateUITests.xctest */,
			);
			name = Products;
			sourceTree = "<group>";
		};
		206D8CBE1F36BB630052AA71 /* checkMate */ = {
			isa = PBXGroup;
			children = (
				20BA22AE1F6814140055B642 /* model */,
				202A73771F7D4D680017C3B7 /* view */,
				20BE8F341F427383009968B7 /* controller */,
				206D8CC61F36BB630052AA71 /* Assets.xcassets */,
				206D8CC81F36BB630052AA71 /* LaunchScreen.storyboard */,
				206D8CCB1F36BB630052AA71 /* Info.plist */,
				2065BDE71F376DAD00D4DF95 /* Info.rtf */,
			);
			name = checkMate;
			path = myTodoList4;
			sourceTree = "<group>";
		};
		20BA22AE1F6814140055B642 /* model */ = {
			isa = PBXGroup;
			children = (
				20E8AD391F4AB7AC00DF5B38 /* images */,
				2038213A1F6AE7E200D940FD /* Model.xcdatamodeld */,
			);
			name = model;
			sourceTree = "<group>";
		};
		20BE8F341F427383009968B7 /* controller */ = {
			isa = PBXGroup;
			children = (
				20BE8F2E1F3C9801009968B7 /* MyGlobals.swift */,
				206D8CBF1F36BB630052AA71 /* AppDelegate.swift */,
				20E8AD311F497AF900DF5B38 /* taskTableViewController.swift */,
				20E8AD2D1F49204C00DF5B38 /* taskTableViewCell.swift */,
				20BE8F2A1F3C81B9009968B7 /* toneTableViewController.swift */,
				20E8AD2F1F49269800DF5B38 /* toneTableViewCell.swift */,
				203364A61F79C94A00838BCA /* editViewController_ForDeletion.swift */,
				20E8AD331F4A85F900DF5B38 /* iconCollectionViewController.swift */,
				20E8AD371F4AB01900DF5B38 /* iconCollectionViewCell.swift */,
				20E8AD841F4ED27000DF5B38 /* onboardPageViewController.swift */,
				20BE8F281F3C6C8B009968B7 /* entryTableViewController.swift */,
				209BFA791F3C269F006285F1 /* chkButton.swift */,
			);
			name = controller;
			sourceTree = "<group>";
		};
		20E8AD391F4AB7AC00DF5B38 /* images */ = {
			isa = PBXGroup;
			children = (
				20FE84E61F4F219E00DB755F /* obOne.png */,
				20FE84E71F4F219E00DB755F /* obThree.png */,
				20FE84E81F4F219E00DB755F /* obTwo.png */,
				20FE84DE1F4F0C9700DB755F /* bg.jpg */,
				20E8AD5E1F4B229500DF5B38 /* 01.png */,
				20E8AD3B1F4AB7D800DF5B38 /* 02.png */,
				20E8AD3C1F4AB7D800DF5B38 /* 03.png */,
				20E8AD3D1F4AB7D800DF5B38 /* 04.png */,
				20E8AD3E1F4AB7D800DF5B38 /* 05.png */,
				20E8AD3F1F4AB7D800DF5B38 /* 06.png */,
				20E8AD461F4ABCF900DF5B38 /* 07.png */,
				20E8AD701F4BC97600DF5B38 /* 08.png */,
				20E8AD481F4ABCF900DF5B38 /* 09.png */,
				20E8AD491F4ABCF900DF5B38 /* 10.png */,
				20E8AD4A1F4ABCF900DF5B38 /* 11.png */,
				20E8AD4B1F4ABCF900DF5B38 /* 12.png */,
				20E8AD4C1F4ABCF900DF5B38 /* 13.png */,
				20E8AD4D1F4ABCF900DF5B38 /* 14.png */,
				20E8AD4E1F4ABCF900DF5B38 /* 15.png */,
				20E8AD4F1F4ABCF900DF5B38 /* 16.png */,
				20E8AD601F4B253400DF5B38 /* 17.png */,
				20E8AD611F4B253400DF5B38 /* 18.png */,
				20E8AD621F4B253400DF5B38 /* 19.png */,
				20E8AD631F4B253400DF5B38 /* 20.png */,
				20E8AD641F4B253400DF5B38 /* 21.png */,
				20E8AD6A1F4BC8BD00DF5B38 /* 22.png */,
				20E8AD6B1F4BC8BD00DF5B38 /* 23.png */,
				20E8AD6C1F4BC8BD00DF5B38 /* 24.png */,
				20E8AD721F4C2CA900DF5B38 /* 25.png */,
				20E8AD731F4C2CA900DF5B38 /* 26.png */,
				20E8AD741F4C2CA900DF5B38 /* 27.png */,
				20E8AD3A1F4AB7D800DF5B38 /* 28.png */,
			);
			name = images;
			sourceTree = "<group>";
		};
		20FE84F11F52AA3800DB755F /* checkMateUITests */ = {
			isa = PBXGroup;
			children = (
				20FE84F21F52AA3800DB755F /* checkMateUITests.swift */,
				20FE84F41F52AA3800DB755F /* Info.plist */,
			);
			path = checkMateUITests;
			sourceTree = "<group>";
		};
/* End PBXGroup section */

/* Begin PBXNativeTarget section */
		206D8CBB1F36BB630052AA71 /* checkMate */ = {
			isa = PBXNativeTarget;
			buildConfigurationList = 206D8CCE1F36BB630052AA71 /* Build configuration list for PBXNativeTarget "checkMate" */;
			buildPhases = (
				206D8CB81F36BB630052AA71 /* Sources */,
				206D8CB91F36BB630052AA71 /* Frameworks */,
				206D8CBA1F36BB630052AA71 /* Resources */,
			);
			buildRules = (
			);
			dependencies = (
			);
			name = checkMate;
			productName = myTodoList4;
			productReference = 206D8CBC1F36BB630052AA71 /* checkMate.app */;
			productType = "com.apple.product-type.application";
		};
		20FE84EF1F52AA3800DB755F /* checkMateUITests */ = {
			isa = PBXNativeTarget;
			buildConfigurationList = 20FE84F71F52AA3800DB755F /* Build configuration list for PBXNativeTarget "checkMateUITests" */;
			buildPhases = (
				20FE84EC1F52AA3800DB755F /* Sources */,
				20FE84ED1F52AA3800DB755F /* Frameworks */,
				20FE84EE1F52AA3800DB755F /* Resources */,
			);
			buildRules = (
			);
			dependencies = (
				20FE84F61F52AA3800DB755F /* PBXTargetDependency */,
			);
			name = checkMateUITests;
			productName = checkMateUITests;
			productReference = 20FE84F01F52AA3800DB755F /* checkMateUITests.xctest */;
			productType = "com.apple.product-type.bundle.ui-testing";
		};
/* End PBXNativeTarget section */

/* Begin PBXProject section */
		206D8CB41F36BB630052AA71 /* Project object */ = {
			isa = PBXProject;
			attributes = {
				LastSwiftUpdateCheck = 0800;
				LastUpgradeCheck = 0800;
				ORGANIZATIONNAME = mySoftVersion;
				TargetAttributes = {
					206D8CBB1F36BB630052AA71 = {
						CreatedOnToolsVersion = 8.0;
						ProvisioningStyle = Automatic;
					};
					20FE84EF1F52AA3800DB755F = {
						CreatedOnToolsVersion = 8.0;
						ProvisioningStyle = Automatic;
						TestTargetID = 206D8CBB1F36BB630052AA71;
					};
				};
			};
			buildConfigurationList = 206D8CB71F36BB630052AA71 /* Build configuration list for PBXProject "checkMate" */;
			compatibilityVersion = "Xcode 3.2";
			developmentRegion = English;
			hasScannedForEncodings = 0;
			knownRegions = (
				en,
				Base,
			);
			mainGroup = 206D8CB31F36BB630052AA71;
			productRefGroup = 206D8CBD1F36BB630052AA71 /* Products */;
			projectDirPath = "";
			projectRoot = "";
			targets = (
				206D8CBB1F36BB630052AA71 /* checkMate */,
				20FE84EF1F52AA3800DB755F /* checkMateUITests */,
			);
		};
/* End PBXProject section */

/* Begin PBXResourcesBuildPhase section */
		206D8CBA1F36BB630052AA71 /* Resources */ = {
			isa = PBXResourcesBuildPhase;
			buildActionMask = 2147483647;
			files = (
				20E8AD691F4B253400DF5B38 /* 21.png in Resources */,
				20E8AD591F4ABCF900DF5B38 /* 16.png in Resources */,
				20E8AD771F4C2CA900DF5B38 /* 27.png in Resources */,
				20E8AD521F4ABCF900DF5B38 /* 09.png in Resources */,
				20E8AD711F4BC97600DF5B38 /* 08.png in Resources */,
				20FE84E91F4F219E00DB755F /* obOne.png in Resources */,
				20E8AD421F4AB7D800DF5B38 /* 03.png in Resources */,
				20FE84EB1F4F219E00DB755F /* obTwo.png in Resources */,
				20E8AD401F4AB7D800DF5B38 /* 28.png in Resources */,
				206D8CCA1F36BB630052AA71 /* LaunchScreen.storyboard in Resources */,
				20E8AD681F4B253400DF5B38 /* 20.png in Resources */,
				206D8CC71F36BB630052AA71 /* Assets.xcassets in Resources */,
				2065BDE81F376DAD00D4DF95 /* Info.rtf in Resources */,
				20E8AD751F4C2CA900DF5B38 /* 25.png in Resources */,
				20E8AD501F4ABCF900DF5B38 /* 07.png in Resources */,
				20FE84EA1F4F219E00DB755F /* obThree.png in Resources */,
				20E8AD5F1F4B229500DF5B38 /* 01.png in Resources */,
				20E8AD531F4ABCF900DF5B38 /* 10.png in Resources */,
				20E8AD671F4B253400DF5B38 /* 19.png in Resources */,
				20E8AD451F4AB7D800DF5B38 /* 06.png in Resources */,
				20E8AD581F4ABCF900DF5B38 /* 15.png in Resources */,
				20E8AD6D1F4BC8BD00DF5B38 /* 22.png in Resources */,
				20E8AD6F1F4BC8BD00DF5B38 /* 24.png in Resources */,
				20E8AD571F4ABCF900DF5B38 /* 14.png in Resources */,
				20E8AD541F4ABCF900DF5B38 /* 11.png in Resources */,
				20E8AD651F4B253400DF5B38 /* 17.png in Resources */,
				20E8AD661F4B253400DF5B38 /* 18.png in Resources */,
				20E8AD441F4AB7D800DF5B38 /* 05.png in Resources */,
				20E8AD551F4ABCF900DF5B38 /* 12.png in Resources */,
				20E8AD561F4ABCF900DF5B38 /* 13.png in Resources */,
				20E8AD431F4AB7D800DF5B38 /* 04.png in Resources */,
				206D8CC51F36BB630052AA71 /* Main.storyboard in Resources */,
				20E8AD6E1F4BC8BD00DF5B38 /* 23.png in Resources */,
				20E8AD761F4C2CA900DF5B38 /* 26.png in Resources */,
				20FE84DF1F4F0C9700DB755F /* bg.jpg in Resources */,
				20E8AD411F4AB7D800DF5B38 /* 02.png in Resources */,
			);
			runOnlyForDeploymentPostprocessing = 0;
		};
		20FE84EE1F52AA3800DB755F /* Resources */ = {
			isa = PBXResourcesBuildPhase;
			buildActionMask = 2147483647;
			files = (
			);
			runOnlyForDeploymentPostprocessing = 0;
		};
/* End PBXResourcesBuildPhase section */

/* Begin PBXSourcesBuildPhase section */
		206D8CB81F36BB630052AA71 /* Sources */ = {
			isa = PBXSourcesBuildPhase;
			buildActionMask = 2147483647;
			files = (
				209BFA7A1F3C269F006285F1 /* chkButton.swift in Sources */,
				20E8AD301F49269800DF5B38 /* toneTableViewCell.swift in Sources */,
				20E8AD2E1F49204C00DF5B38 /* taskTableViewCell.swift in Sources */,
				20E8AD851F4ED27000DF5B38 /* onboardPageViewController.swift in Sources */,
				20BE8F2F1F3C9801009968B7 /* MyGlobals.swift in Sources */,
				203364A71F79C94A00838BCA /* editViewController_ForDeletion.swift in Sources */,
				20E8AD321F497AF900DF5B38 /* taskTableViewController.swift in Sources */,
				20BE8F2B1F3C81B9009968B7 /* toneTableViewController.swift in Sources */,
				20E8AD341F4A85F900DF5B38 /* iconCollectionViewController.swift in Sources */,
				206D8CC01F36BB630052AA71 /* AppDelegate.swift in Sources */,
				20BE8F291F3C6C8B009968B7 /* entryTableViewController.swift in Sources */,
				2038213C1F6AE7E200D940FD /* Model.xcdatamodeld in Sources */,
				20E8AD381F4AB01900DF5B38 /* iconCollectionViewCell.swift in Sources */,
			);
			runOnlyForDeploymentPostprocessing = 0;
		};
		20FE84EC1F52AA3800DB755F /* Sources */ = {
			isa = PBXSourcesBuildPhase;
			buildActionMask = 2147483647;
			files = (
				20FE84F31F52AA3800DB755F /* checkMateUITests.swift in Sources */,
				2038213D1F6AE7E200D940FD /* Model.xcdatamodeld in Sources */,
			);
			runOnlyForDeploymentPostprocessing = 0;
		};
/* End PBXSourcesBuildPhase section */

/* Begin PBXTargetDependency section */
		20FE84F61F52AA3800DB755F /* PBXTargetDependency */ = {
			isa = PBXTargetDependency;
			target = 206D8CBB1F36BB630052AA71 /* checkMate */;
			targetProxy = 20FE84F51F52AA3800DB755F /* PBXContainerItemProxy */;
		};
/* End PBXTargetDependency section */

/* Begin PBXVariantGroup section */
		206D8CC31F36BB630052AA71 /* Main.storyboard */ = {
			isa = PBXVariantGroup;
			children = (
				206D8CC41F36BB630052AA71 /* Base */,
			);
			name = Main.storyboard;
			sourceTree = "<group>";
		};
		206D8CC81F36BB630052AA71 /* LaunchScreen.storyboard */ = {
			isa = PBXVariantGroup;
			children = (
				206D8CC91F36BB630052AA71 /* Base */,
			);
			name = LaunchScreen.storyboard;
			sourceTree = "<group>";
		};
/* End PBXVariantGroup section */

/* Begin XCBuildConfiguration section */
		206D8CCC1F36BB630052AA71 /* Debug */ = {
			isa = XCBuildConfiguration;
			buildSettings = {
				ALWAYS_SEARCH_USER_PATHS = NO;
				CLANG_ANALYZER_NONNULL = YES;
				CLANG_CXX_LANGUAGE_STANDARD = "gnu++0x";
				CLANG_CXX_LIBRARY = "libc++";
				CLANG_ENABLE_MODULES = YES;
				CLANG_ENABLE_OBJC_ARC = YES;
				CLANG_WARN_BOOL_CONVERSION = YES;
				CLANG_WARN_CONSTANT_CONVERSION = YES;
				CLANG_WARN_DIRECT_OBJC_ISA_USAGE = YES_ERROR;
				CLANG_WARN_DOCUMENTATION_COMMENTS = YES;
				CLANG_WARN_EMPTY_BODY = YES;
				CLANG_WARN_ENUM_CONVERSION = YES;
				CLANG_WARN_INFINITE_RECURSION = YES;
				CLANG_WARN_INT_CONVERSION = YES;
				CLANG_WARN_OBJC_ROOT_CLASS = YES_ERROR;
				CLANG_WARN_SUSPICIOUS_MOVES = YES;
				CLANG_WARN_UNREACHABLE_CODE = YES;
				CLANG_WARN__DUPLICATE_METHOD_MATCH = YES;
				"CODE_SIGN_IDENTITY[sdk=iphoneos*]" = "iPhone Developer";
				COPY_PHASE_STRIP = NO;
				DEBUG_INFORMATION_FORMAT = dwarf;
				ENABLE_STRICT_OBJC_MSGSEND = YES;
				ENABLE_TESTABILITY = YES;
				GCC_C_LANGUAGE_STANDARD = gnu99;
				GCC_DYNAMIC_NO_PIC = NO;
				GCC_NO_COMMON_BLOCKS = YES;
				GCC_OPTIMIZATION_LEVEL = 0;
				GCC_PREPROCESSOR_DEFINITIONS = (
					"DEBUG=1",
					"$(inherited)",
				);
				GCC_WARN_64_TO_32_BIT_CONVERSION = YES;
				GCC_WARN_ABOUT_RETURN_TYPE = YES_ERROR;
				GCC_WARN_UNDECLARED_SELECTOR = YES;
				GCC_WARN_UNINITIALIZED_AUTOS = YES_AGGRESSIVE;
				GCC_WARN_UNUSED_FUNCTION = YES;
				GCC_WARN_UNUSED_VARIABLE = YES;
				IPHONEOS_DEPLOYMENT_TARGET = 10.0;
				MTL_ENABLE_DEBUG_INFO = YES;
				ONLY_ACTIVE_ARCH = YES;
				SDKROOT = iphoneos;
				SWIFT_ACTIVE_COMPILATION_CONDITIONS = DEBUG;
				SWIFT_OPTIMIZATION_LEVEL = "-Onone";
				TARGETED_DEVICE_FAMILY = "1,2";
			};
			name = Debug;
		};
		206D8CCD1F36BB630052AA71 /* Release */ = {
			isa = XCBuildConfiguration;
			buildSettings = {
				ALWAYS_SEARCH_USER_PATHS = NO;
				CLANG_ANALYZER_NONNULL = YES;
				CLANG_CXX_LANGUAGE_STANDARD = "gnu++0x";
				CLANG_CXX_LIBRARY = "libc++";
				CLANG_ENABLE_MODULES = YES;
				CLANG_ENABLE_OBJC_ARC = YES;
				CLANG_WARN_BOOL_CONVERSION = YES;
				CLANG_WARN_CONSTANT_CONVERSION = YES;
				CLANG_WARN_DIRECT_OBJC_ISA_USAGE = YES_ERROR;
				CLANG_WARN_DOCUMENTATION_COMMENTS = YES;
				CLANG_WARN_EMPTY_BODY = YES;
				CLANG_WARN_ENUM_CONVERSION = YES;
				CLANG_WARN_INFINITE_RECURSION = YES;
				CLANG_WARN_INT_CONVERSION = YES;
				CLANG_WARN_OBJC_ROOT_CLASS = YES_ERROR;
				CLANG_WARN_SUSPICIOUS_MOVES = YES;
				CLANG_WARN_UNREACHABLE_CODE = YES;
				CLANG_WARN__DUPLICATE_METHOD_MATCH = YES;
				"CODE_SIGN_IDENTITY[sdk=iphoneos*]" = "iPhone Developer";
				COPY_PHASE_STRIP = NO;
				DEBUG_INFORMATION_FORMAT = "dwarf-with-dsym";
				ENABLE_NS_ASSERTIONS = NO;
				ENABLE_STRICT_OBJC_MSGSEND = YES;
				GCC_C_LANGUAGE_STANDARD = gnu99;
				GCC_NO_COMMON_BLOCKS = YES;
				GCC_WARN_64_TO_32_BIT_CONVERSION = YES;
				GCC_WARN_ABOUT_RETURN_TYPE = YES_ERROR;
				GCC_WARN_UNDECLARED_SELECTOR = YES;
				GCC_WARN_UNINITIALIZED_AUTOS = YES_AGGRESSIVE;
				GCC_WARN_UNUSED_FUNCTION = YES;
				GCC_WARN_UNUSED_VARIABLE = YES;
				IPHONEOS_DEPLOYMENT_TARGET = 10.0;
				MTL_ENABLE_DEBUG_INFO = NO;
				SDKROOT = iphoneos;
				SWIFT_OPTIMIZATION_LEVEL = "-Owholemodule";
				TARGETED_DEVICE_FAMILY = "1,2";
				VALIDATE_PRODUCT = YES;
			};
			name = Release;
		};
		206D8CCF1F36BB630052AA71 /* Debug */ = {
			isa = XCBuildConfiguration;
			buildSettings = {
				ASSETCATALOG_COMPILER_APPICON_NAME = AppIcon;
				INFOPLIST_FILE = myTodoList4/Info.plist;
				LD_RUNPATH_SEARCH_PATHS = "$(inherited) @executable_path/Frameworks";
				PRODUCT_BUNDLE_IDENTIFIER = com.example.myTodoList4;
				PRODUCT_NAME = "$(TARGET_NAME)";
				SWIFT_VERSION = 3.0;
			};
			name = Debug;
		};
		206D8CD01F36BB630052AA71 /* Release */ = {
			isa = XCBuildConfiguration;
			buildSettings = {
				ASSETCATALOG_COMPILER_APPICON_NAME = AppIcon;
				INFOPLIST_FILE = myTodoList4/Info.plist;
				LD_RUNPATH_SEARCH_PATHS = "$(inherited) @executable_path/Frameworks";
				PRODUCT_BUNDLE_IDENTIFIER = com.example.myTodoList4;
				PRODUCT_NAME = "$(TARGET_NAME)";
				SWIFT_VERSION = 3.0;
			};
			name = Release;
		};
		20FE84F81F52AA3800DB755F /* Debug */ = {
			isa = XCBuildConfiguration;
			buildSettings = {
				INFOPLIST_FILE = checkMateUITests/Info.plist;
				LD_RUNPATH_SEARCH_PATHS = "$(inherited) @executable_path/Frameworks @loader_path/Frameworks";
				PRODUCT_BUNDLE_IDENTIFIER = com.example.checkMateUITests;
				PRODUCT_NAME = "$(TARGET_NAME)";
				SWIFT_VERSION = 3.0;
				TEST_TARGET_NAME = checkMate;
			};
			name = Debug;
		};
		20FE84F91F52AA3800DB755F /* Release */ = {
			isa = XCBuildConfiguration;
			buildSettings = {
				INFOPLIST_FILE = checkMateUITests/Info.plist;
				LD_RUNPATH_SEARCH_PATHS = "$(inherited) @executable_path/Frameworks @loader_path/Frameworks";
				PRODUCT_BUNDLE_IDENTIFIER = com.example.checkMateUITests;
				PRODUCT_NAME = "$(TARGET_NAME)";
				SWIFT_VERSION = 3.0;
				TEST_TARGET_NAME = checkMate;
			};
			name = Release;
		};
/* End XCBuildConfiguration section */

/* Begin XCConfigurationList section */
		206D8CB71F36BB630052AA71 /* Build configuration list for PBXProject "checkMate" */ = {
			isa = XCConfigurationList;
			buildConfigurations = (
				206D8CCC1F36BB630052AA71 /* Debug */,
				206D8CCD1F36BB630052AA71 /* Release */,
			);
			defaultConfigurationIsVisible = 0;
			defaultConfigurationName = Release;
		};
		206D8CCE1F36BB630052AA71 /* Build configuration list for PBXNativeTarget "checkMate" */ = {
			isa = XCConfigurationList;
			buildConfigurations = (
				206D8CCF1F36BB630052AA71 /* Debug */,
				206D8CD01F36BB630052AA71 /* Release */,
			);
			defaultConfigurationIsVisible = 0;
			defaultConfigurationName = Release;
		};
		20FE84F71F52AA3800DB755F /* Build configuration list for PBXNativeTarget "checkMateUITests" */ = {
			isa = XCConfigurationList;
			buildConfigurations = (
				20FE84F81F52AA3800DB755F /* Debug */,
				20FE84F91F52AA3800DB755F /* Release */,
			);
			defaultConfigurationIsVisible = 0;
			defaultConfigurationName = Release;
		};
/* End XCConfigurationList section */

/* Begin XCVersionGroup section */
		2038213A1F6AE7E200D940FD /* Model.xcdatamodeld */ = {
			isa = XCVersionGroup;
			children = (
				2038213B1F6AE7E200D940FD /* Model.xcdatamodel */,
			);
			currentVersion = 2038213B1F6AE7E200D940FD /* Model.xcdatamodel */;
			path = Model.xcdatamodeld;
			sourceTree = "<group>";
			versionGroupType = wrapper.xcdatamodel;
		};
/* End XCVersionGroup section */
	};
	rootObject = 206D8CB41F36BB630052AA71 /* Project object */;
}
